// !$*UTF8*$!
{
	archiveVersion = 1;
	classes = {
	};
	objectVersion = 50;
	objects = {

/* Begin PBXBuildFile section */
		137F1ACDB599E25963B9B6A6 /* libPods-MapDemoTests.a in Frameworks */ = {isa = PBXBuildFile; fileRef = 42310A9B6E43B24377726948 /* libPods-MapDemoTests.a */; };
		4A99DF7C95082E3EF05C1581 /* libPods-MapDemo-MapDemoUITests.a in Frameworks */ = {isa = PBXBuildFile; fileRef = 103A5702AB30455EF201BF6E /* libPods-MapDemo-MapDemoUITests.a */; };
		D7C7ECF11A1C95E6F088D41C /* libPods-MapDemo.a in Frameworks */ = {isa = PBXBuildFile; fileRef = 0F09A7D94E4C3D71BA1B330B /* libPods-MapDemo.a */; };
		FAA7C64D24156A78006E106E /* AppDelegate.swift in Sources */ = {isa = PBXBuildFile; fileRef = FAA7C64C24156A78006E106E /* AppDelegate.swift */; };
		FAA7C64F24156A78006E106E /* SceneDelegate.swift in Sources */ = {isa = PBXBuildFile; fileRef = FAA7C64E24156A78006E106E /* SceneDelegate.swift */; };
		FAA7C65124156A78006E106E /* ViewController.swift in Sources */ = {isa = PBXBuildFile; fileRef = FAA7C65024156A78006E106E /* ViewController.swift */; };
		FAA7C65424156A78006E106E /* Main.storyboard in Resources */ = {isa = PBXBuildFile; fileRef = FAA7C65224156A78006E106E /* Main.storyboard */; };
		FAA7C65624156A79006E106E /* Assets.xcassets in Resources */ = {isa = PBXBuildFile; fileRef = FAA7C65524156A79006E106E /* Assets.xcassets */; };
		FAA7C65924156A79006E106E /* LaunchScreen.storyboard in Resources */ = {isa = PBXBuildFile; fileRef = FAA7C65724156A79006E106E /* LaunchScreen.storyboard */; };
		FAA7C66424156A79006E106E /* MapDemoTests.swift in Sources */ = {isa = PBXBuildFile; fileRef = FAA7C66324156A79006E106E /* MapDemoTests.swift */; };
		FAA7C66F24156A79006E106E /* MapDemoUITests.swift in Sources */ = {isa = PBXBuildFile; fileRef = FAA7C66E24156A79006E106E /* MapDemoUITests.swift */; };
/* End PBXBuildFile section */

/* Begin PBXContainerItemProxy section */
		FAA7C66024156A79006E106E /* PBXContainerItemProxy */ = {
			isa = PBXContainerItemProxy;
			containerPortal = FAA7C64124156A78006E106E /* Project object */;
			proxyType = 1;
			remoteGlobalIDString = FAA7C64824156A78006E106E;
			remoteInfo = MapDemo;
		};
		FAA7C66B24156A79006E106E /* PBXContainerItemProxy */ = {
			isa = PBXContainerItemProxy;
			containerPortal = FAA7C64124156A78006E106E /* Project object */;
			proxyType = 1;
			remoteGlobalIDString = FAA7C64824156A78006E106E;
			remoteInfo = MapDemo;
		};
/* End PBXContainerItemProxy section */

/* Begin PBXFileReference section */
		0F09A7D94E4C3D71BA1B330B /* libPods-MapDemo.a */ = {isa = PBXFileReference; explicitFileType = archive.ar; includeInIndex = 0; path = "libPods-MapDemo.a"; sourceTree = BUILT_PRODUCTS_DIR; };
		103A5702AB30455EF201BF6E /* libPods-MapDemo-MapDemoUITests.a */ = {isa = PBXFileReference; explicitFileType = archive.ar; includeInIndex = 0; path = "libPods-MapDemo-MapDemoUITests.a"; sourceTree = BUILT_PRODUCTS_DIR; };
		19644C5DEB2ACFC659130ABF /* Pods-MapDemoTests.debug.xcconfig */ = {isa = PBXFileReference; includeInIndex = 1; lastKnownFileType = text.xcconfig; name = "Pods-MapDemoTests.debug.xcconfig"; path = "Target Support Files/Pods-MapDemoTests/Pods-MapDemoTests.debug.xcconfig"; sourceTree = "<group>"; };
		3098D00C645E4F0384A51555 /* Pods-MapDemoTests.release.xcconfig */ = {isa = PBXFileReference; includeInIndex = 1; lastKnownFileType = text.xcconfig; name = "Pods-MapDemoTests.release.xcconfig"; path = "Target Support Files/Pods-MapDemoTests/Pods-MapDemoTests.release.xcconfig"; sourceTree = "<group>"; };
		42310A9B6E43B24377726948 /* libPods-MapDemoTests.a */ = {isa = PBXFileReference; explicitFileType = archive.ar; includeInIndex = 0; path = "libPods-MapDemoTests.a"; sourceTree = BUILT_PRODUCTS_DIR; };
		467E43E0CC58F999E8B771AE /* Pods-MapDemo.release.xcconfig */ = {isa = PBXFileReference; includeInIndex = 1; lastKnownFileType = text.xcconfig; name = "Pods-MapDemo.release.xcconfig"; path = "Target Support Files/Pods-MapDemo/Pods-MapDemo.release.xcconfig"; sourceTree = "<group>"; };
		A3CEDFF65CEFB7AAD337091C /* Pods-MapDemo.debug.xcconfig */ = {isa = PBXFileReference; includeInIndex = 1; lastKnownFileType = text.xcconfig; name = "Pods-MapDemo.debug.xcconfig"; path = "Target Support Files/Pods-MapDemo/Pods-MapDemo.debug.xcconfig"; sourceTree = "<group>"; };
		D6AD2FDF89BB5329FCC54D43 /* Pods-MapDemo-MapDemoUITests.release.xcconfig */ = {isa = PBXFileReference; includeInIndex = 1; lastKnownFileType = text.xcconfig; name = "Pods-MapDemo-MapDemoUITests.release.xcconfig"; path = "Target Support Files/Pods-MapDemo-MapDemoUITests/Pods-MapDemo-MapDemoUITests.release.xcconfig"; sourceTree = "<group>"; };
		D787646088E1B16A30E3E811 /* Pods-MapDemo-MapDemoUITests.debug.xcconfig */ = {isa = PBXFileReference; includeInIndex = 1; lastKnownFileType = text.xcconfig; name = "Pods-MapDemo-MapDemoUITests.debug.xcconfig"; path = "Target Support Files/Pods-MapDemo-MapDemoUITests/Pods-MapDemo-MapDemoUITests.debug.xcconfig"; sourceTree = "<group>"; };
		FAA7C64924156A78006E106E /* MapDemo.app */ = {isa = PBXFileReference; explicitFileType = wrapper.application; includeInIndex = 0; path = MapDemo.app; sourceTree = BUILT_PRODUCTS_DIR; };
		FAA7C64C24156A78006E106E /* AppDelegate.swift */ = {isa = PBXFileReference; lastKnownFileType = sourcecode.swift; path = AppDelegate.swift; sourceTree = "<group>"; };
		FAA7C64E24156A78006E106E /* SceneDelegate.swift */ = {isa = PBXFileReference; lastKnownFileType = sourcecode.swift; path = SceneDelegate.swift; sourceTree = "<group>"; };
		FAA7C65024156A78006E106E /* ViewController.swift */ = {isa = PBXFileReference; lastKnownFileType = sourcecode.swift; path = ViewController.swift; sourceTree = "<group>"; };
		FAA7C65324156A78006E106E /* Base */ = {isa = PBXFileReference; lastKnownFileType = file.storyboard; name = Base; path = Base.lproj/Main.storyboard; sourceTree = "<group>"; };
		FAA7C65524156A79006E106E /* Assets.xcassets */ = {isa = PBXFileReference; lastKnownFileType = folder.assetcatalog; path = Assets.xcassets; sourceTree = "<group>"; };
		FAA7C65824156A79006E106E /* Base */ = {isa = PBXFileReference; lastKnownFileType = file.storyboard; name = Base; path = Base.lproj/LaunchScreen.storyboard; sourceTree = "<group>"; };
		FAA7C65A24156A79006E106E /* Info.plist */ = {isa = PBXFileReference; lastKnownFileType = text.plist.xml; path = Info.plist; sourceTree = "<group>"; };
		FAA7C65F24156A79006E106E /* MapDemoTests.xctest */ = {isa = PBXFileReference; explicitFileType = wrapper.cfbundle; includeInIndex = 0; path = MapDemoTests.xctest; sourceTree = BUILT_PRODUCTS_DIR; };
		FAA7C66324156A79006E106E /* MapDemoTests.swift */ = {isa = PBXFileReference; lastKnownFileType = sourcecode.swift; path = MapDemoTests.swift; sourceTree = "<group>"; };
		FAA7C66524156A79006E106E /* Info.plist */ = {isa = PBXFileReference; lastKnownFileType = text.plist.xml; path = Info.plist; sourceTree = "<group>"; };
		FAA7C66A24156A79006E106E /* MapDemoUITests.xctest */ = {isa = PBXFileReference; explicitFileType = wrapper.cfbundle; includeInIndex = 0; path = MapDemoUITests.xctest; sourceTree = BUILT_PRODUCTS_DIR; };
		FAA7C66E24156A79006E106E /* MapDemoUITests.swift */ = {isa = PBXFileReference; lastKnownFileType = sourcecode.swift; path = MapDemoUITests.swift; sourceTree = "<group>"; };
		FAA7C67024156A79006E106E /* Info.plist */ = {isa = PBXFileReference; lastKnownFileType = text.plist.xml; path = Info.plist; sourceTree = "<group>"; };
/* End PBXFileReference section */

/* Begin PBXFrameworksBuildPhase section */
		FAA7C64624156A78006E106E /* Frameworks */ = {
			isa = PBXFrameworksBuildPhase;
			buildActionMask = 2147483647;
			files = (
				D7C7ECF11A1C95E6F088D41C /* libPods-MapDemo.a in Frameworks */,
			);
			runOnlyForDeploymentPostprocessing = 0;
		};
		FAA7C65C24156A79006E106E /* Frameworks */ = {
			isa = PBXFrameworksBuildPhase;
			buildActionMask = 2147483647;
			files = (
				137F1ACDB599E25963B9B6A6 /* libPods-MapDemoTests.a in Frameworks */,
			);
			runOnlyForDeploymentPostprocessing = 0;
		};
		FAA7C66724156A79006E106E /* Frameworks */ = {
			isa = PBXFrameworksBuildPhase;
			buildActionMask = 2147483647;
			files = (
				4A99DF7C95082E3EF05C1581 /* libPods-MapDemo-MapDemoUITests.a in Frameworks */,
			);
			runOnlyForDeploymentPostprocessing = 0;
		};
/* End PBXFrameworksBuildPhase section */

/* Begin PBXGroup section */
		8B5B6BAB6A15BBACF8112E4F /* Pods */ = {
			isa = PBXGroup;
			children = (
				A3CEDFF65CEFB7AAD337091C /* Pods-MapDemo.debug.xcconfig */,
				467E43E0CC58F999E8B771AE /* Pods-MapDemo.release.xcconfig */,
				D787646088E1B16A30E3E811 /* Pods-MapDemo-MapDemoUITests.debug.xcconfig */,
				D6AD2FDF89BB5329FCC54D43 /* Pods-MapDemo-MapDemoUITests.release.xcconfig */,
				19644C5DEB2ACFC659130ABF /* Pods-MapDemoTests.debug.xcconfig */,
				3098D00C645E4F0384A51555 /* Pods-MapDemoTests.release.xcconfig */,
			);
			name = Pods;
			path = Pods;
			sourceTree = "<group>";
		};
		925F0E02C7A4C8CF1820FC74 /* Frameworks */ = {
			isa = PBXGroup;
			children = (
				0F09A7D94E4C3D71BA1B330B /* libPods-MapDemo.a */,
				103A5702AB30455EF201BF6E /* libPods-MapDemo-MapDemoUITests.a */,
				42310A9B6E43B24377726948 /* libPods-MapDemoTests.a */,
			);
			name = Frameworks;
			sourceTree = "<group>";
		};
		FAA7C64024156A78006E106E = {
			isa = PBXGroup;
			children = (
				FAA7C64B24156A78006E106E /* MapDemo */,
				FAA7C66224156A79006E106E /* MapDemoTests */,
				FAA7C66D24156A79006E106E /* MapDemoUITests */,
				FAA7C64A24156A78006E106E /* Products */,
				8B5B6BAB6A15BBACF8112E4F /* Pods */,
				925F0E02C7A4C8CF1820FC74 /* Frameworks */,
			);
			sourceTree = "<group>";
		};
		FAA7C64A24156A78006E106E /* Products */ = {
			isa = PBXGroup;
			children = (
				FAA7C64924156A78006E106E /* MapDemo.app */,
				FAA7C65F24156A79006E106E /* MapDemoTests.xctest */,
				FAA7C66A24156A79006E106E /* MapDemoUITests.xctest */,
			);
			name = Products;
			sourceTree = "<group>";
		};
		FAA7C64B24156A78006E106E /* MapDemo */ = {
			isa = PBXGroup;
			children = (
				FAA7C64C24156A78006E106E /* AppDelegate.swift */,
				FAA7C64E24156A78006E106E /* SceneDelegate.swift */,
				FAA7C65024156A78006E106E /* ViewController.swift */,
				FAA7C65224156A78006E106E /* Main.storyboard */,
				FAA7C65524156A79006E106E /* Assets.xcassets */,
				FAA7C65724156A79006E106E /* LaunchScreen.storyboard */,
				FAA7C65A24156A79006E106E /* Info.plist */,
			);
			path = MapDemo;
			sourceTree = "<group>";
		};
		FAA7C66224156A79006E106E /* MapDemoTests */ = {
			isa = PBXGroup;
			children = (
				FAA7C66324156A79006E106E /* MapDemoTests.swift */,
				FAA7C66524156A79006E106E /* Info.plist */,
			);
			path = MapDemoTests;
			sourceTree = "<group>";
		};
		FAA7C66D24156A79006E106E /* MapDemoUITests */ = {
			isa = PBXGroup;
			children = (
				FAA7C66E24156A79006E106E /* MapDemoUITests.swift */,
				FAA7C67024156A79006E106E /* Info.plist */,
			);
			path = MapDemoUITests;
			sourceTree = "<group>";
		};
/* End PBXGroup section */

/* Begin PBXNativeTarget section */
		FAA7C64824156A78006E106E /* MapDemo */ = {
			isa = PBXNativeTarget;
			buildConfigurationList = FAA7C67324156A79006E106E /* Build configuration list for PBXNativeTarget "MapDemo" */;
			buildPhases = (
				547745CCEB75E83813C1D2FA /* [CP] Check Pods Manifest.lock */,
				FAA7C64524156A78006E106E /* Sources */,
				FAA7C64624156A78006E106E /* Frameworks */,
				FAA7C64724156A78006E106E /* Resources */,
				0793A01A953AA28C60523E45 /* [CP] Copy Pods Resources */,
			);
			buildRules = (
			);
			dependencies = (
			);
			name = MapDemo;
			productName = MapDemo;
			productReference = FAA7C64924156A78006E106E /* MapDemo.app */;
			productType = "com.apple.product-type.application";
		};
		FAA7C65E24156A79006E106E /* MapDemoTests */ = {
			isa = PBXNativeTarget;
			buildConfigurationList = FAA7C67624156A79006E106E /* Build configuration list for PBXNativeTarget "MapDemoTests" */;
			buildPhases = (
				4E70180CD8739E8CC82E9D93 /* [CP] Check Pods Manifest.lock */,
				FAA7C65B24156A79006E106E /* Sources */,
				FAA7C65C24156A79006E106E /* Frameworks */,
				FAA7C65D24156A79006E106E /* Resources */,
			);
			buildRules = (
			);
			dependencies = (
				FAA7C66124156A79006E106E /* PBXTargetDependency */,
			);
			name = MapDemoTests;
			productName = MapDemoTests;
			productReference = FAA7C65F24156A79006E106E /* MapDemoTests.xctest */;
			productType = "com.apple.product-type.bundle.unit-test";
		};
		FAA7C66924156A79006E106E /* MapDemoUITests */ = {
			isa = PBXNativeTarget;
			buildConfigurationList = FAA7C67924156A79006E106E /* Build configuration list for PBXNativeTarget "MapDemoUITests" */;
			buildPhases = (
				58CFB821CEBAC47EFBB8AA3F /* [CP] Check Pods Manifest.lock */,
				FAA7C66624156A79006E106E /* Sources */,
				FAA7C66724156A79006E106E /* Frameworks */,
				FAA7C66824156A79006E106E /* Resources */,
				9EB25B0DA8738B3A5EFDE35D /* [CP] Copy Pods Resources */,
			);
			buildRules = (
			);
			dependencies = (
				FAA7C66C24156A79006E106E /* PBXTargetDependency */,
			);
			name = MapDemoUITests;
			productName = MapDemoUITests;
			productReference = FAA7C66A24156A79006E106E /* MapDemoUITests.xctest */;
			productType = "com.apple.product-type.bundle.ui-testing";
		};
/* End PBXNativeTarget section */

/* Begin PBXProject section */
		FAA7C64124156A78006E106E /* Project object */ = {
			isa = PBXProject;
			attributes = {
				LastSwiftUpdateCheck = 1130;
				LastUpgradeCheck = 1130;
				ORGANIZATIONNAME = "Nguyen Tran";
				TargetAttributes = {
					FAA7C64824156A78006E106E = {
						CreatedOnToolsVersion = 11.3.1;
					};
					FAA7C65E24156A79006E106E = {
						CreatedOnToolsVersion = 11.3.1;
						TestTargetID = FAA7C64824156A78006E106E;
					};
					FAA7C66924156A79006E106E = {
						CreatedOnToolsVersion = 11.3.1;
						TestTargetID = FAA7C64824156A78006E106E;
					};
				};
			};
			buildConfigurationList = FAA7C64424156A78006E106E /* Build configuration list for PBXProject "MapDemo" */;
			compatibilityVersion = "Xcode 9.3";
			developmentRegion = en;
			hasScannedForEncodings = 0;
			knownRegions = (
				en,
				Base,
			);
			mainGroup = FAA7C64024156A78006E106E;
			productRefGroup = FAA7C64A24156A78006E106E /* Products */;
			projectDirPath = "";
			projectRoot = "";
			targets = (
				FAA7C64824156A78006E106E /* MapDemo */,
				FAA7C65E24156A79006E106E /* MapDemoTests */,
				FAA7C66924156A79006E106E /* MapDemoUITests */,
			);
		};
/* End PBXProject section */

/* Begin PBXResourcesBuildPhase section */
		FAA7C64724156A78006E106E /* Resources */ = {
			isa = PBXResourcesBuildPhase;
			buildActionMask = 2147483647;
			files = (
				FAA7C65924156A79006E106E /* LaunchScreen.storyboard in Resources */,
				FAA7C65624156A79006E106E /* Assets.xcassets in Resources */,
				FAA7C65424156A78006E106E /* Main.storyboard in Resources */,
			);
			runOnlyForDeploymentPostprocessing = 0;
		};
		FAA7C65D24156A79006E106E /* Resources */ = {
			isa = PBXResourcesBuildPhase;
			buildActionMask = 2147483647;
			files = (
			);
			runOnlyForDeploymentPostprocessing = 0;
		};
		FAA7C66824156A79006E106E /* Resources */ = {
			isa = PBXResourcesBuildPhase;
			buildActionMask = 2147483647;
			files = (
			);
			runOnlyForDeploymentPostprocessing = 0;
		};
/* End PBXResourcesBuildPhase section */

/* Begin PBXShellScriptBuildPhase section */
		0793A01A953AA28C60523E45 /* [CP] Copy Pods Resources */ = {
			isa = PBXShellScriptBuildPhase;
			buildActionMask = 2147483647;
			files = (
			);
			inputFileListPaths = (
				"${PODS_ROOT}/Target Support Files/Pods-MapDemo/Pods-MapDemo-resources-${CONFIGURATION}-input-files.xcfilelist",
			);
			name = "[CP] Copy Pods Resources";
			outputFileListPaths = (
				"${PODS_ROOT}/Target Support Files/Pods-MapDemo/Pods-MapDemo-resources-${CONFIGURATION}-output-files.xcfilelist",
			);
			runOnlyForDeploymentPostprocessing = 0;
			shellPath = /bin/sh;
			shellScript = "\"${PODS_ROOT}/Target Support Files/Pods-MapDemo/Pods-MapDemo-resources.sh\"\n";
			showEnvVarsInLog = 0;
		};
		4E70180CD8739E8CC82E9D93 /* [CP] Check Pods Manifest.lock */ = {
			isa = PBXShellScriptBuildPhase;
			buildActionMask = 2147483647;
			files = (
			);
			inputFileListPaths = (
			);
			inputPaths = (
				"${PODS_PODFILE_DIR_PATH}/Podfile.lock",
				"${PODS_ROOT}/Manifest.lock",
			);
			name = "[CP] Check Pods Manifest.lock";
			outputFileListPaths = (
			);
			outputPaths = (
				"$(DERIVED_FILE_DIR)/Pods-MapDemoTests-checkManifestLockResult.txt",
			);
			runOnlyForDeploymentPostprocessing = 0;
			shellPath = /bin/sh;
			shellScript = "diff \"${PODS_PODFILE_DIR_PATH}/Podfile.lock\" \"${PODS_ROOT}/Manifest.lock\" > /dev/null\nif [ $? != 0 ] ; then\n    # print error to STDERR\n    echo \"error: The sandbox is not in sync with the Podfile.lock. Run 'pod install' or update your CocoaPods installation.\" >&2\n    exit 1\nfi\n# This output is used by Xcode 'outputs' to avoid re-running this script phase.\necho \"SUCCESS\" > \"${SCRIPT_OUTPUT_FILE_0}\"\n";
			showEnvVarsInLog = 0;
		};
		547745CCEB75E83813C1D2FA /* [CP] Check Pods Manifest.lock */ = {
			isa = PBXShellScriptBuildPhase;
			buildActionMask = 2147483647;
			files = (
			);
			inputFileListPaths = (
			);
			inputPaths = (
				"${PODS_PODFILE_DIR_PATH}/Podfile.lock",
				"${PODS_ROOT}/Manifest.lock",
			);
			name = "[CP] Check Pods Manifest.lock";
			outputFileListPaths = (
			);
			outputPaths = (
				"$(DERIVED_FILE_DIR)/Pods-MapDemo-checkManifestLockResult.txt",
			);
			runOnlyForDeploymentPostprocessing = 0;
			shellPath = /bin/sh;
			shellScript = "diff \"${PODS_PODFILE_DIR_PATH}/Podfile.lock\" \"${PODS_ROOT}/Manifest.lock\" > /dev/null\nif [ $? != 0 ] ; then\n    # print error to STDERR\n    echo \"error: The sandbox is not in sync with the Podfile.lock. Run 'pod install' or update your CocoaPods installation.\" >&2\n    exit 1\nfi\n# This output is used by Xcode 'outputs' to avoid re-running this script phase.\necho \"SUCCESS\" > \"${SCRIPT_OUTPUT_FILE_0}\"\n";
			showEnvVarsInLog = 0;
		};
		58CFB821CEBAC47EFBB8AA3F /* [CP] Check Pods Manifest.lock */ = {
			isa = PBXShellScriptBuildPhase;
			buildActionMask = 2147483647;
			files = (
			);
			inputFileListPaths = (
			);
			inputPaths = (
				"${PODS_PODFILE_DIR_PATH}/Podfile.lock",
				"${PODS_ROOT}/Manifest.lock",
			);
			name = "[CP] Check Pods Manifest.lock";
			outputFileListPaths = (
			);
			outputPaths = (
				"$(DERIVED_FILE_DIR)/Pods-MapDemo-MapDemoUITests-checkManifestLockResult.txt",
			);
			runOnlyForDeploymentPostprocessing = 0;
			shellPath = /bin/sh;
			shellScript = "diff \"${PODS_PODFILE_DIR_PATH}/Podfile.lock\" \"${PODS_ROOT}/Manifest.lock\" > /dev/null\nif [ $? != 0 ] ; then\n    # print error to STDERR\n    echo \"error: The sandbox is not in sync with the Podfile.lock. Run 'pod install' or update your CocoaPods installation.\" >&2\n    exit 1\nfi\n# This output is used by Xcode 'outputs' to avoid re-running this script phase.\necho \"SUCCESS\" > \"${SCRIPT_OUTPUT_FILE_0}\"\n";
			showEnvVarsInLog = 0;
		};
		9EB25B0DA8738B3A5EFDE35D /* [CP] Copy Pods Resources */ = {
			isa = PBXShellScriptBuildPhase;
			buildActionMask = 2147483647;
			files = (
			);
			inputFileListPaths = (
				"${PODS_ROOT}/Target Support Files/Pods-MapDemo-MapDemoUITests/Pods-MapDemo-MapDemoUITests-resources-${CONFIGURATION}-input-files.xcfilelist",
			);
			name = "[CP] Copy Pods Resources";
			outputFileListPaths = (
				"${PODS_ROOT}/Target Support Files/Pods-MapDemo-MapDemoUITests/Pods-MapDemo-MapDemoUITests-resources-${CONFIGURATION}-output-files.xcfilelist",
			);
			runOnlyForDeploymentPostprocessing = 0;
			shellPath = /bin/sh;
			shellScript = "\"${PODS_ROOT}/Target Support Files/Pods-MapDemo-MapDemoUITests/Pods-MapDemo-MapDemoUITests-resources.sh\"\n";
			showEnvVarsInLog = 0;
		};
/* End PBXShellScriptBuildPhase section */

/* Begin PBXSourcesBuildPhase section */
		FAA7C64524156A78006E106E /* Sources */ = {
			isa = PBXSourcesBuildPhase;
			buildActionMask = 2147483647;
			files = (
				FAA7C65124156A78006E106E /* ViewController.swift in Sources */,
				FAA7C64D24156A78006E106E /* AppDelegate.swift in Sources */,
				FAA7C64F24156A78006E106E /* SceneDelegate.swift in Sources */,
			);
			runOnlyForDeploymentPostprocessing = 0;
		};
		FAA7C65B24156A79006E106E /* Sources */ = {
			isa = PBXSourcesBuildPhase;
			buildActionMask = 2147483647;
			files = (
				FAA7C66424156A79006E106E /* MapDemoTests.swift in Sources */,
			);
			runOnlyForDeploymentPostprocessing = 0;
		};
		FAA7C66624156A79006E106E /* Sources */ = {
			isa = PBXSourcesBuildPhase;
			buildActionMask = 2147483647;
			files = (
				FAA7C66F24156A79006E106E /* MapDemoUITests.swift in Sources */,
			);
			runOnlyForDeploymentPostprocessing = 0;
		};
/* End PBXSourcesBuildPhase section */

/* Begin PBXTargetDependency section */
		FAA7C66124156A79006E106E /* PBXTargetDependency */ = {
			isa = PBXTargetDependency;
			target = FAA7C64824156A78006E106E /* MapDemo */;
			targetProxy = FAA7C66024156A79006E106E /* PBXContainerItemProxy */;
		};
		FAA7C66C24156A79006E106E /* PBXTargetDependency */ = {
			isa = PBXTargetDependency;
			target = FAA7C64824156A78006E106E /* MapDemo */;
			targetProxy = FAA7C66B24156A79006E106E /* PBXContainerItemProxy */;
		};
/* End PBXTargetDependency section */

/* Begin PBXVariantGroup section */
		FAA7C65224156A78006E106E /* Main.storyboard */ = {
			isa = PBXVariantGroup;
			children = (
				FAA7C65324156A78006E106E /* Base */,
			);
			name = Main.storyboard;
			sourceTree = "<group>";
		};
		FAA7C65724156A79006E106E /* LaunchScreen.storyboard */ = {
			isa = PBXVariantGroup;
			children = (
				FAA7C65824156A79006E106E /* Base */,
			);
			name = LaunchScreen.storyboard;
			sourceTree = "<group>";
		};
/* End PBXVariantGroup section */

/* Begin XCBuildConfiguration section */
		FAA7C67124156A79006E106E /* Debug */ = {
			isa = XCBuildConfiguration;
			buildSettings = {
				ALWAYS_SEARCH_USER_PATHS = NO;
				CLANG_ANALYZER_NONNULL = YES;
				CLANG_ANALYZER_NUMBER_OBJECT_CONVERSION = YES_AGGRESSIVE;
				CLANG_CXX_LANGUAGE_STANDARD = "gnu++14";
				CLANG_CXX_LIBRARY = "libc++";
				CLANG_ENABLE_MODULES = YES;
				CLANG_ENABLE_OBJC_ARC = YES;
				CLANG_ENABLE_OBJC_WEAK = YES;
				CLANG_WARN_BLOCK_CAPTURE_AUTORELEASING = YES;
				CLANG_WARN_BOOL_CONVERSION = YES;
				CLANG_WARN_COMMA = YES;
				CLANG_WARN_CONSTANT_CONVERSION = YES;
				CLANG_WARN_DEPRECATED_OBJC_IMPLEMENTATIONS = YES;
				CLANG_WARN_DIRECT_OBJC_ISA_USAGE = YES_ERROR;
				CLANG_WARN_DOCUMENTATION_COMMENTS = YES;
				CLANG_WARN_EMPTY_BODY = YES;
				CLANG_WARN_ENUM_CONVERSION = YES;
				CLANG_WARN_INFINITE_RECURSION = YES;
				CLANG_WARN_INT_CONVERSION = YES;
				CLANG_WARN_NON_LITERAL_NULL_CONVERSION = YES;
				CLANG_WARN_OBJC_IMPLICIT_RETAIN_SELF = YES;
				CLANG_WARN_OBJC_LITERAL_CONVERSION = YES;
				CLANG_WARN_OBJC_ROOT_CLASS = YES_ERROR;
				CLANG_WARN_RANGE_LOOP_ANALYSIS = YES;
				CLANG_WARN_STRICT_PROTOTYPES = YES;
				CLANG_WARN_SUSPICIOUS_MOVE = YES;
				CLANG_WARN_UNGUARDED_AVAILABILITY = YES_AGGRESSIVE;
				CLANG_WARN_UNREACHABLE_CODE = YES;
				CLANG_WARN__DUPLICATE_METHOD_MATCH = YES;
				COPY_PHASE_STRIP = NO;
				DEBUG_INFORMATION_FORMAT = dwarf;
				ENABLE_STRICT_OBJC_MSGSEND = YES;
				ENABLE_TESTABILITY = YES;
				GCC_C_LANGUAGE_STANDARD = gnu11;
				GCC_DYNAMIC_NO_PIC = NO;
				GCC_NO_COMMON_BLOCKS = YES;
				GCC_OPTIMIZATION_LEVEL = 0;
				GCC_PREPROCESSOR_DEFINITIONS = (
					"DEBUG=1",
					"$(inherited)",
				);
				GCC_WARN_64_TO_32_BIT_CONVERSION = YES;
				GCC_WARN_ABOUT_RETURN_TYPE = YES_ERROR;
				GCC_WARN_UNDECLARED_SELECTOR = YES;
				GCC_WARN_UNINITIALIZED_AUTOS = YES_AGGRESSIVE;
				GCC_WARN_UNUSED_FUNCTION = YES;
				GCC_WARN_UNUSED_VARIABLE = YES;
				IPHONEOS_DEPLOYMENT_TARGET = 13.2;
				MTL_ENABLE_DEBUG_INFO = INCLUDE_SOURCE;
				MTL_FAST_MATH = YES;
				ONLY_ACTIVE_ARCH = YES;
				SDKROOT = iphoneos;
				SWIFT_ACTIVE_COMPILATION_CONDITIONS = DEBUG;
				SWIFT_OPTIMIZATION_LEVEL = "-Onone";
			};
			name = Debug;
		};
		FAA7C67224156A79006E106E /* Release */ = {
			isa = XCBuildConfiguration;
			buildSettings = {
				ALWAYS_SEARCH_USER_PATHS = NO;
				CLANG_ANALYZER_NONNULL = YES;
				CLANG_ANALYZER_NUMBER_OBJECT_CONVERSION = YES_AGGRESSIVE;
				CLANG_CXX_LANGUAGE_STANDARD = "gnu++14";
				CLANG_CXX_LIBRARY = "libc++";
				CLANG_ENABLE_MODULES = YES;
				CLANG_ENABLE_OBJC_ARC = YES;
				CLANG_ENABLE_OBJC_WEAK = YES;
				CLANG_WARN_BLOCK_CAPTURE_AUTORELEASING = YES;
				CLANG_WARN_BOOL_CONVERSION = YES;
				CLANG_WARN_COMMA = YES;
				CLANG_WARN_CONSTANT_CONVERSION = YES;
				CLANG_WARN_DEPRECATED_OBJC_IMPLEMENTATIONS = YES;
				CLANG_WARN_DIRECT_OBJC_ISA_USAGE = YES_ERROR;
				CLANG_WARN_DOCUMENTATION_COMMENTS = YES;
				CLANG_WARN_EMPTY_BODY = YES;
				CLANG_WARN_ENUM_CONVERSION = YES;
				CLANG_WARN_INFINITE_RECURSION = YES;
				CLANG_WARN_INT_CONVERSION = YES;
				CLANG_WARN_NON_LITERAL_NULL_CONVERSION = YES;
				CLANG_WARN_OBJC_IMPLICIT_RETAIN_SELF = YES;
				CLANG_WARN_OBJC_LITERAL_CONVERSION = YES;
				CLANG_WARN_OBJC_ROOT_CLASS = YES_ERROR;
				CLANG_WARN_RANGE_LOOP_ANALYSIS = YES;
				CLANG_WARN_STRICT_PROTOTYPES = YES;
				CLANG_WARN_SUSPICIOUS_MOVE = YES;
				CLANG_WARN_UNGUARDED_AVAILABILITY = YES_AGGRESSIVE;
				CLANG_WARN_UNREACHABLE_CODE = YES;
				CLANG_WARN__DUPLICATE_METHOD_MATCH = YES;
				COPY_PHASE_STRIP = NO;
				DEBUG_INFORMATION_FORMAT = "dwarf-with-dsym";
				ENABLE_NS_ASSERTIONS = NO;
				ENABLE_STRICT_OBJC_MSGSEND = YES;
				GCC_C_LANGUAGE_STANDARD = gnu11;
				GCC_NO_COMMON_BLOCKS = YES;
				GCC_WARN_64_TO_32_BIT_CONVERSION = YES;
				GCC_WARN_ABOUT_RETURN_TYPE = YES_ERROR;
				GCC_WARN_UNDECLARED_SELECTOR = YES;
				GCC_WARN_UNINITIALIZED_AUTOS = YES_AGGRESSIVE;
				GCC_WARN_UNUSED_FUNCTION = YES;
				GCC_WARN_UNUSED_VARIABLE = YES;
				IPHONEOS_DEPLOYMENT_TARGET = 13.2;
				MTL_ENABLE_DEBUG_INFO = NO;
				MTL_FAST_MATH = YES;
				SDKROOT = iphoneos;
				SWIFT_COMPILATION_MODE = wholemodule;
				SWIFT_OPTIMIZATION_LEVEL = "-O";
				VALIDATE_PRODUCT = YES;
			};
			name = Release;
		};
		FAA7C67424156A79006E106E /* Debug */ = {
			isa = XCBuildConfiguration;
			baseConfigurationReference = A3CEDFF65CEFB7AAD337091C /* Pods-MapDemo.debug.xcconfig */;
			buildSettings = {
				ASSETCATALOG_COMPILER_APPICON_NAME = AppIcon;
				CODE_SIGN_STYLE = Automatic;
				INFOPLIST_FILE = MapDemo/Info.plist;
				IPHONEOS_DEPLOYMENT_TARGET = 12.0;
				LD_RUNPATH_SEARCH_PATHS = (
					"$(inherited)",
					"@executable_path/Frameworks",
				);
				PRODUCT_BUNDLE_IDENTIFIER = com.NguyenTran.MapDemo;
				PRODUCT_NAME = "$(TARGET_NAME)";
				SWIFT_VERSION = 5.0;
				TARGETED_DEVICE_FAMILY = "1,2";
			};
			name = Debug;
		};
		FAA7C67524156A79006E106E /* Release */ = {
			isa = XCBuildConfiguration;
			baseConfigurationReference = 467E43E0CC58F999E8B771AE /* Pods-MapDemo.release.xcconfig */;
			buildSettings = {
				ASSETCATALOG_COMPILER_APPICON_NAME = AppIcon;
				CODE_SIGN_STYLE = Automatic;
				INFOPLIST_FILE = MapDemo/Info.plist;
				IPHONEOS_DEPLOYMENT_TARGET = 12.0;
				LD_RUNPATH_SEARCH_PATHS = (
					"$(inherited)",
					"@executable_path/Frameworks",
				);
				PRODUCT_BUNDLE_IDENTIFIER = com.NguyenTran.MapDemo;
				PRODUCT_NAME = "$(TARGET_NAME)";
				SWIFT_VERSION = 5.0;
				TARGETED_DEVICE_FAMILY = "1,2";
			};
			name = Release;
		};
		FAA7C67724156A79006E106E /* Debug */ = {
			isa = XCBuildConfiguration;
			baseConfigurationReference = 19644C5DEB2ACFC659130ABF /* Pods-MapDemoTests.debug.xcconfig */;
			buildSettings = {
				ALWAYS_EMBED_SWIFT_STANDARD_LIBRARIES = YES;
				BUNDLE_LOADER = "$(TEST_HOST)";
				CODE_SIGN_STYLE = Automatic;
				INFOPLIST_FILE = MapDemoTests/Info.plist;
				IPHONEOS_DEPLOYMENT_TARGET = 13.2;
				LD_RUNPATH_SEARCH_PATHS = (
					"$(inherited)",
					"@executable_path/Frameworks",
					"@loader_path/Frameworks",
				);
				PRODUCT_BUNDLE_IDENTIFIER = com.NguyenTran.MapDemoTests;
				PRODUCT_NAME = "$(TARGET_NAME)";
				SWIFT_VERSION = 5.0;
				TARGETED_DEVICE_FAMILY = "1,2";
				TEST_HOST = "$(BUILT_PRODUCTS_DIR)/MapDemo.app/MapDemo";
			};
			name = Debug;
		};
		FAA7C67824156A79006E106E /* Release */ = {
			isa = XCBuildConfiguration;
			baseConfigurationReference = 3098D00C645E4F0384A51555 /* Pods-MapDemoTests.release.xcconfig */;
			buildSettings = {
				ALWAYS_EMBED_SWIFT_STANDARD_LIBRARIES = YES;
				BUNDLE_LOADER = "$(TEST_HOST)";
				CODE_SIGN_STYLE = Automatic;
				INFOPLIST_FILE = MapDemoTests/Info.plist;
				IPHONEOS_DEPLOYMENT_TARGET = 13.2;
				LD_RUNPATH_SEARCH_PATHS = (
					"$(inherited)",
					"@executable_path/Frameworks",
					"@loader_path/Frameworks",
				);
				PRODUCT_BUNDLE_IDENTIFIER = com.NguyenTran.MapDemoTests;
				PRODUCT_NAME = "$(TARGET_NAME)";
				SWIFT_VERSION = 5.0;
				TARGETED_DEVICE_FAMILY = "1,2";
				TEST_HOST = "$(BUILT_PRODUCTS_DIR)/MapDemo.app/MapDemo";
			};
			name = Release;
		};
		FAA7C67A24156A79006E106E /* Debug */ = {
			isa = XCBuildConfiguration;
			baseConfigurationReference = D787646088E1B16A30E3E811 /* Pods-MapDemo-MapDemoUITests.debug.xcconfig */;
			buildSettings = {
				ALWAYS_EMBED_SWIFT_STANDARD_LIBRARIES = YES;
				CODE_SIGN_STYLE = Automatic;
				INFOPLIST_FILE = MapDemoUITests/Info.plist;
				LD_RUNPATH_SEARCH_PATHS = (
					"$(inherited)",
					"@executable_path/Frameworks",
					"@loader_path/Frameworks",
				);
				PRODUCT_BUNDLE_IDENTIFIER = com.NguyenTran.MapDemoUITests;
				PRODUCT_NAME = "$(TARGET_NAME)";
				SWIFT_VERSION = 5.0;
				TARGETED_DEVICE_FAMILY = "1,2";
				TEST_TARGET_NAME = MapDemo;
			};
			name = Debug;
		};
		FAA7C67B24156A79006E106E /* Release */ = {
			isa = XCBuildConfiguration;
			baseConfigurationReference = D6AD2FDF89BB5329FCC54D43 /* Pods-MapDemo-MapDemoUITests.release.xcconfig */;
			buildSettings = {
				ALWAYS_EMBED_SWIFT_STANDARD_LIBRARIES = YES;
				CODE_SIGN_STYLE = Automatic;
				INFOPLIST_FILE = MapDemoUITests/Info.plist;
				LD_RUNPATH_SEARCH_PATHS = (
					"$(inherited)",
					"@executable_path/Frameworks",
					"@loader_path/Frameworks",
				);
				PRODUCT_BUNDLE_IDENTIFIER = com.NguyenTran.MapDemoUITests;
				PRODUCT_NAME = "$(TARGET_NAME)";
				SWIFT_VERSION = 5.0;
				TARGETED_DEVICE_FAMILY = "1,2";
				TEST_TARGET_NAME = MapDemo;
			};
			name = Release;
		};
/* End XCBuildConfiguration section */

/* Begin XCConfigurationList section */
		FAA7C64424156A78006E106E /* Build configuration list for PBXProject "MapDemo" */ = {
			isa = XCConfigurationList;
			buildConfigurations = (
				FAA7C67124156A79006E106E /* Debug */,
				FAA7C67224156A79006E106E /* Release */,
			);
			defaultConfigurationIsVisible = 0;
			defaultConfigurationName = Release;
		};
		FAA7C67324156A79006E106E /* Build configuration list for PBXNativeTarget "MapDemo" */ = {
			isa = XCConfigurationList;
			buildConfigurations = (
				FAA7C67424156A79006E106E /* Debug */,
				FAA7C67524156A79006E106E /* Release */,
			);
			defaultConfigurationIsVisible = 0;
			defaultConfigurationName = Release;
		};
		FAA7C67624156A79006E106E /* Build configuration list for PBXNativeTarget "MapDemoTests" */ = {
			isa = XCConfigurationList;
			buildConfigurations = (
				FAA7C67724156A79006E106E /* Debug */,
				FAA7C67824156A79006E106E /* Release */,
			);
			defaultConfigurationIsVisible = 0;
			defaultConfigurationName = Release;
		};
		FAA7C67924156A79006E106E /* Build configuration list for PBXNativeTarget "MapDemoUITests" */ = {
			isa = XCConfigurationList;
			buildConfigurations = (
				FAA7C67A24156A79006E106E /* Debug */,
				FAA7C67B24156A79006E106E /* Release */,
			);
			defaultConfigurationIsVisible = 0;
			defaultConfigurationName = Release;
		};
/* End XCConfigurationList section */
	};
	rootObject = FAA7C64124156A78006E106E /* Project object */;
}
